// !$*UTF8*$!
{
	archiveVersion = 1;
	classes = {
	};
	objectVersion = 48;
	objects = {

/* Begin PBXBuildFile section */
		697445BC2354AF8F00575B54 /* AppDelegate.swift in Sources */ = {isa = PBXBuildFile; fileRef = 697445BB2354AF8F00575B54 /* AppDelegate.swift */; };
		697445BE2354AF8F00575B54 /* ViewController.swift in Sources */ = {isa = PBXBuildFile; fileRef = 697445BD2354AF8F00575B54 /* ViewController.swift */; };
		697445C12354AF8F00575B54 /* Main.storyboard in Resources */ = {isa = PBXBuildFile; fileRef = 697445BF2354AF8F00575B54 /* Main.storyboard */; };
		697445C32354AF8F00575B54 /* Assets.xcassets in Resources */ = {isa = PBXBuildFile; fileRef = 697445C22354AF8F00575B54 /* Assets.xcassets */; };
		697445C62354AF8F00575B54 /* LaunchScreen.storyboard in Resources */ = {isa = PBXBuildFile; fileRef = 697445C42354AF8F00575B54 /* LaunchScreen.storyboard */; };
		697445CB2354AF8F00575B54 /* iWatchPN WatchKit App.app in Embed Watch Content */ = {isa = PBXBuildFile; fileRef = 697445CA2354AF8F00575B54 /* iWatchPN WatchKit App.app */; };
		697445D12354AF9000575B54 /* Interface.storyboard in Resources */ = {isa = PBXBuildFile; fileRef = 697445CF2354AF9000575B54 /* Interface.storyboard */; };
		697445D32354AF9000575B54 /* Assets.xcassets in Resources */ = {isa = PBXBuildFile; fileRef = 697445D22354AF9000575B54 /* Assets.xcassets */; };
		697445DA2354AF9000575B54 /* iWatchPN WatchKit Extension.appex in Embed App Extensions */ = {isa = PBXBuildFile; fileRef = 697445D92354AF9000575B54 /* iWatchPN WatchKit Extension.appex */; settings = {ATTRIBUTES = (RemoveHeadersOnCopy, ); }; };
		697445DF2354AF9000575B54 /* InterfaceController.swift in Sources */ = {isa = PBXBuildFile; fileRef = 697445DE2354AF9000575B54 /* InterfaceController.swift */; };
		697445E12354AF9000575B54 /* ExtensionDelegate.swift in Sources */ = {isa = PBXBuildFile; fileRef = 697445E02354AF9000575B54 /* ExtensionDelegate.swift */; };
		697445E32354AF9000575B54 /* NotificationController.swift in Sources */ = {isa = PBXBuildFile; fileRef = 697445E22354AF9000575B54 /* NotificationController.swift */; };
		697445E52354AF9000575B54 /* Assets.xcassets in Resources */ = {isa = PBXBuildFile; fileRef = 697445E42354AF9000575B54 /* Assets.xcassets */; };
		790949AF340C1B53378BAF24 /* Pods_iWatchPN.framework in Frameworks */ = {isa = PBXBuildFile; fileRef = 60CB76D8D17B36E645EB0360 /* Pods_iWatchPN.framework */; };
		A43B81D88FA3D6FAFE2FD7A6 /* Pods_iWatchPN_WatchKit_App.framework in Frameworks */ = {isa = PBXBuildFile; fileRef = 02E4F32C0E9FCCC4DF6F7C82 /* Pods_iWatchPN_WatchKit_App.framework */; };
		C208E700E04F1C643F355FF5 /* Pods_iWatchPN_WatchKit_Extension.framework in Frameworks */ = {isa = PBXBuildFile; fileRef = 86A76AEEED5BC9B0AEB3BB80 /* Pods_iWatchPN_WatchKit_Extension.framework */; };
/* End PBXBuildFile section */

/* Begin PBXContainerItemProxy section */
		697445CC2354AF8F00575B54 /* PBXContainerItemProxy */ = {
			isa = PBXContainerItemProxy;
			containerPortal = 697445B02354AF8F00575B54 /* Project object */;
			proxyType = 1;
			remoteGlobalIDString = 697445C92354AF8F00575B54;
			remoteInfo = "iWatchPN WatchKit App";
		};
		697445DB2354AF9000575B54 /* PBXContainerItemProxy */ = {
			isa = PBXContainerItemProxy;
			containerPortal = 697445B02354AF8F00575B54 /* Project object */;
			proxyType = 1;
			remoteGlobalIDString = 697445D82354AF9000575B54;
			remoteInfo = "iWatchPN WatchKit Extension";
		};
/* End PBXContainerItemProxy section */

/* Begin PBXCopyFilesBuildPhase section */
		697445ED2354AF9000575B54 /* Embed App Extensions */ = {
			isa = PBXCopyFilesBuildPhase;
			buildActionMask = 2147483647;
			dstPath = "";
			dstSubfolderSpec = 13;
			files = (
				697445DA2354AF9000575B54 /* iWatchPN WatchKit Extension.appex in Embed App Extensions */,
			);
			name = "Embed App Extensions";
			runOnlyForDeploymentPostprocessing = 0;
		};
		697445F12354AF9000575B54 /* Embed Watch Content */ = {
			isa = PBXCopyFilesBuildPhase;
			buildActionMask = 2147483647;
			dstPath = "$(CONTENTS_FOLDER_PATH)/Watch";
			dstSubfolderSpec = 16;
			files = (
				697445CB2354AF8F00575B54 /* iWatchPN WatchKit App.app in Embed Watch Content */,
			);
			name = "Embed Watch Content";
			runOnlyForDeploymentPostprocessing = 0;
		};
/* End PBXCopyFilesBuildPhase section */

/* Begin PBXFileReference section */
		02E4F32C0E9FCCC4DF6F7C82 /* Pods_iWatchPN_WatchKit_App.framework */ = {isa = PBXFileReference; explicitFileType = wrapper.framework; includeInIndex = 0; path = Pods_iWatchPN_WatchKit_App.framework; sourceTree = BUILT_PRODUCTS_DIR; };
		2BC82359E113103E20B243B3 /* Pods-iWatchPN.debug.xcconfig */ = {isa = PBXFileReference; includeInIndex = 1; lastKnownFileType = text.xcconfig; name = "Pods-iWatchPN.debug.xcconfig"; path = "Target Support Files/Pods-iWatchPN/Pods-iWatchPN.debug.xcconfig"; sourceTree = "<group>"; };
		60CB76D8D17B36E645EB0360 /* Pods_iWatchPN.framework */ = {isa = PBXFileReference; explicitFileType = wrapper.framework; includeInIndex = 0; path = Pods_iWatchPN.framework; sourceTree = BUILT_PRODUCTS_DIR; };
		697445B82354AF8F00575B54 /* iWatchPN.app */ = {isa = PBXFileReference; explicitFileType = wrapper.application; includeInIndex = 0; path = iWatchPN.app; sourceTree = BUILT_PRODUCTS_DIR; };
		697445BB2354AF8F00575B54 /* AppDelegate.swift */ = {isa = PBXFileReference; lastKnownFileType = sourcecode.swift; path = AppDelegate.swift; sourceTree = "<group>"; };
		697445BD2354AF8F00575B54 /* ViewController.swift */ = {isa = PBXFileReference; lastKnownFileType = sourcecode.swift; path = ViewController.swift; sourceTree = "<group>"; };
		697445C02354AF8F00575B54 /* Base */ = {isa = PBXFileReference; lastKnownFileType = file.storyboard; name = Base; path = Base.lproj/Main.storyboard; sourceTree = "<group>"; };
		697445C22354AF8F00575B54 /* Assets.xcassets */ = {isa = PBXFileReference; lastKnownFileType = folder.assetcatalog; path = Assets.xcassets; sourceTree = "<group>"; };
		697445C52354AF8F00575B54 /* Base */ = {isa = PBXFileReference; lastKnownFileType = file.storyboard; name = Base; path = Base.lproj/LaunchScreen.storyboard; sourceTree = "<group>"; };
		697445C72354AF8F00575B54 /* Info.plist */ = {isa = PBXFileReference; lastKnownFileType = text.plist.xml; path = Info.plist; sourceTree = "<group>"; };
		697445CA2354AF8F00575B54 /* iWatchPN WatchKit App.app */ = {isa = PBXFileReference; explicitFileType = wrapper.application; includeInIndex = 0; path = "iWatchPN WatchKit App.app"; sourceTree = BUILT_PRODUCTS_DIR; };
		697445D02354AF9000575B54 /* Base */ = {isa = PBXFileReference; lastKnownFileType = file.storyboard; name = Base; path = Base.lproj/Interface.storyboard; sourceTree = "<group>"; };
		697445D22354AF9000575B54 /* Assets.xcassets */ = {isa = PBXFileReference; lastKnownFileType = folder.assetcatalog; path = Assets.xcassets; sourceTree = "<group>"; };
		697445D42354AF9000575B54 /* Info.plist */ = {isa = PBXFileReference; lastKnownFileType = text.plist.xml; path = Info.plist; sourceTree = "<group>"; };
		697445D92354AF9000575B54 /* iWatchPN WatchKit Extension.appex */ = {isa = PBXFileReference; explicitFileType = "wrapper.app-extension"; includeInIndex = 0; path = "iWatchPN WatchKit Extension.appex"; sourceTree = BUILT_PRODUCTS_DIR; };
		697445DE2354AF9000575B54 /* InterfaceController.swift */ = {isa = PBXFileReference; lastKnownFileType = sourcecode.swift; path = InterfaceController.swift; sourceTree = "<group>"; };
		697445E02354AF9000575B54 /* ExtensionDelegate.swift */ = {isa = PBXFileReference; lastKnownFileType = sourcecode.swift; path = ExtensionDelegate.swift; sourceTree = "<group>"; };
		697445E22354AF9000575B54 /* NotificationController.swift */ = {isa = PBXFileReference; lastKnownFileType = sourcecode.swift; path = NotificationController.swift; sourceTree = "<group>"; };
		697445E42354AF9000575B54 /* Assets.xcassets */ = {isa = PBXFileReference; lastKnownFileType = folder.assetcatalog; path = Assets.xcassets; sourceTree = "<group>"; };
		697445E62354AF9000575B54 /* Info.plist */ = {isa = PBXFileReference; lastKnownFileType = text.plist.xml; path = Info.plist; sourceTree = "<group>"; };
		697445E72354AF9000575B54 /* PushNotificationPayload.apns */ = {isa = PBXFileReference; lastKnownFileType = text; path = PushNotificationPayload.apns; sourceTree = "<group>"; };
		69ED6FB12355CBF500812F0E /* iWatchPN WatchKit Extension.entitlements */ = {isa = PBXFileReference; lastKnownFileType = text.plist.entitlements; path = "iWatchPN WatchKit Extension.entitlements"; sourceTree = "<group>"; };
		6DFBCC763D0C261D2C7796FC /* Pods-iWatchPN WatchKit App.release.xcconfig */ = {isa = PBXFileReference; includeInIndex = 1; lastKnownFileType = text.xcconfig; name = "Pods-iWatchPN WatchKit App.release.xcconfig"; path = "Target Support Files/Pods-iWatchPN WatchKit App/Pods-iWatchPN WatchKit App.release.xcconfig"; sourceTree = "<group>"; };
		7358F12CD3E35379E4498F8D /* Pods-iWatchPN WatchKit App.debug.xcconfig */ = {isa = PBXFileReference; includeInIndex = 1; lastKnownFileType = text.xcconfig; name = "Pods-iWatchPN WatchKit App.debug.xcconfig"; path = "Target Support Files/Pods-iWatchPN WatchKit App/Pods-iWatchPN WatchKit App.debug.xcconfig"; sourceTree = "<group>"; };
		7A6C904043CBE487C8D4549C /* Pods-iWatchPN.release.xcconfig */ = {isa = PBXFileReference; includeInIndex = 1; lastKnownFileType = text.xcconfig; name = "Pods-iWatchPN.release.xcconfig"; path = "Target Support Files/Pods-iWatchPN/Pods-iWatchPN.release.xcconfig"; sourceTree = "<group>"; };
		86A76AEEED5BC9B0AEB3BB80 /* Pods_iWatchPN_WatchKit_Extension.framework */ = {isa = PBXFileReference; explicitFileType = wrapper.framework; includeInIndex = 0; path = Pods_iWatchPN_WatchKit_Extension.framework; sourceTree = BUILT_PRODUCTS_DIR; };
		ECD46D64053A64A0F3D8C270 /* Pods-iWatchPN WatchKit Extension.release.xcconfig */ = {isa = PBXFileReference; includeInIndex = 1; lastKnownFileType = text.xcconfig; name = "Pods-iWatchPN WatchKit Extension.release.xcconfig"; path = "Target Support Files/Pods-iWatchPN WatchKit Extension/Pods-iWatchPN WatchKit Extension.release.xcconfig"; sourceTree = "<group>"; };
		ED6C88589E878D2B7CA81F21 /* Pods-iWatchPN WatchKit Extension.debug.xcconfig */ = {isa = PBXFileReference; includeInIndex = 1; lastKnownFileType = text.xcconfig; name = "Pods-iWatchPN WatchKit Extension.debug.xcconfig"; path = "Target Support Files/Pods-iWatchPN WatchKit Extension/Pods-iWatchPN WatchKit Extension.debug.xcconfig"; sourceTree = "<group>"; };
/* End PBXFileReference section */

/* Begin PBXFrameworksBuildPhase section */
		697445B52354AF8F00575B54 /* Frameworks */ = {
			isa = PBXFrameworksBuildPhase;
			buildActionMask = 2147483647;
			files = (
				790949AF340C1B53378BAF24 /* Pods_iWatchPN.framework in Frameworks */,
			);
			runOnlyForDeploymentPostprocessing = 0;
		};
		697445D62354AF9000575B54 /* Frameworks */ = {
			isa = PBXFrameworksBuildPhase;
			buildActionMask = 2147483647;
			files = (
				C208E700E04F1C643F355FF5 /* Pods_iWatchPN_WatchKit_Extension.framework in Frameworks */,
			);
			runOnlyForDeploymentPostprocessing = 0;
		};
		83693CD66685821304C0D652 /* Frameworks */ = {
			isa = PBXFrameworksBuildPhase;
			buildActionMask = 2147483647;
			files = (
				A43B81D88FA3D6FAFE2FD7A6 /* Pods_iWatchPN_WatchKit_App.framework in Frameworks */,
			);
			runOnlyForDeploymentPostprocessing = 0;
		};
/* End PBXFrameworksBuildPhase section */

/* Begin PBXGroup section */
		31222E436B6DEE720711CADA /* Frameworks */ = {
			isa = PBXGroup;
			children = (
				60CB76D8D17B36E645EB0360 /* Pods_iWatchPN.framework */,
				02E4F32C0E9FCCC4DF6F7C82 /* Pods_iWatchPN_WatchKit_App.framework */,
				86A76AEEED5BC9B0AEB3BB80 /* Pods_iWatchPN_WatchKit_Extension.framework */,
			);
			name = Frameworks;
			sourceTree = "<group>";
		};
		697445AF2354AF8F00575B54 = {
			isa = PBXGroup;
			children = (
				697445BA2354AF8F00575B54 /* iWatchPN */,
				697445CE2354AF8F00575B54 /* iWatchPN WatchKit App */,
				697445DD2354AF9000575B54 /* iWatchPN WatchKit Extension */,
				697445B92354AF8F00575B54 /* Products */,
				A9EACBCA12C0432DB647F434 /* Pods */,
				31222E436B6DEE720711CADA /* Frameworks */,
			);
			sourceTree = "<group>";
		};
		697445B92354AF8F00575B54 /* Products */ = {
			isa = PBXGroup;
			children = (
				697445B82354AF8F00575B54 /* iWatchPN.app */,
				697445CA2354AF8F00575B54 /* iWatchPN WatchKit App.app */,
				697445D92354AF9000575B54 /* iWatchPN WatchKit Extension.appex */,
			);
			name = Products;
			sourceTree = "<group>";
		};
		697445BA2354AF8F00575B54 /* iWatchPN */ = {
			isa = PBXGroup;
			children = (
				697445BB2354AF8F00575B54 /* AppDelegate.swift */,
				697445BD2354AF8F00575B54 /* ViewController.swift */,
				697445BF2354AF8F00575B54 /* Main.storyboard */,
				697445C22354AF8F00575B54 /* Assets.xcassets */,
				697445C42354AF8F00575B54 /* LaunchScreen.storyboard */,
				697445C72354AF8F00575B54 /* Info.plist */,
			);
			path = iWatchPN;
			sourceTree = "<group>";
		};
		697445CE2354AF8F00575B54 /* iWatchPN WatchKit App */ = {
			isa = PBXGroup;
			children = (
				697445CF2354AF9000575B54 /* Interface.storyboard */,
				697445D22354AF9000575B54 /* Assets.xcassets */,
				697445D42354AF9000575B54 /* Info.plist */,
			);
			path = "iWatchPN WatchKit App";
			sourceTree = "<group>";
		};
		697445DD2354AF9000575B54 /* iWatchPN WatchKit Extension */ = {
			isa = PBXGroup;
			children = (
				69ED6FB12355CBF500812F0E /* iWatchPN WatchKit Extension.entitlements */,
				697445DE2354AF9000575B54 /* InterfaceController.swift */,
				697445E02354AF9000575B54 /* ExtensionDelegate.swift */,
				697445E22354AF9000575B54 /* NotificationController.swift */,
				697445E42354AF9000575B54 /* Assets.xcassets */,
				697445E62354AF9000575B54 /* Info.plist */,
				697445E72354AF9000575B54 /* PushNotificationPayload.apns */,
			);
			path = "iWatchPN WatchKit Extension";
			sourceTree = "<group>";
		};
		A9EACBCA12C0432DB647F434 /* Pods */ = {
			isa = PBXGroup;
			children = (
				2BC82359E113103E20B243B3 /* Pods-iWatchPN.debug.xcconfig */,
				7A6C904043CBE487C8D4549C /* Pods-iWatchPN.release.xcconfig */,
				7358F12CD3E35379E4498F8D /* Pods-iWatchPN WatchKit App.debug.xcconfig */,
				6DFBCC763D0C261D2C7796FC /* Pods-iWatchPN WatchKit App.release.xcconfig */,
				ED6C88589E878D2B7CA81F21 /* Pods-iWatchPN WatchKit Extension.debug.xcconfig */,
				ECD46D64053A64A0F3D8C270 /* Pods-iWatchPN WatchKit Extension.release.xcconfig */,
			);
			name = Pods;
			path = Pods;
			sourceTree = "<group>";
		};
/* End PBXGroup section */

/* Begin PBXNativeTarget section */
		697445B72354AF8F00575B54 /* iWatchPN */ = {
			isa = PBXNativeTarget;
			buildConfigurationList = 697445F22354AF9000575B54 /* Build configuration list for PBXNativeTarget "iWatchPN" */;
			buildPhases = (
				99BD173BD99B58C9F59EE824 /* [CP] Check Pods Manifest.lock */,
				697445B42354AF8F00575B54 /* Sources */,
				697445B52354AF8F00575B54 /* Frameworks */,
				697445B62354AF8F00575B54 /* Resources */,
				697445F12354AF9000575B54 /* Embed Watch Content */,
			);
			buildRules = (
			);
			dependencies = (
				697445CD2354AF8F00575B54 /* PBXTargetDependency */,
			);
			name = iWatchPN;
			productName = iWatchPN;
			productReference = 697445B82354AF8F00575B54 /* iWatchPN.app */;
			productType = "com.apple.product-type.application";
		};
		697445C92354AF8F00575B54 /* iWatchPN WatchKit App */ = {
			isa = PBXNativeTarget;
			buildConfigurationList = 697445EE2354AF9000575B54 /* Build configuration list for PBXNativeTarget "iWatchPN WatchKit App" */;
			buildPhases = (
				A863CBF87100EC925BE2DB26 /* [CP] Check Pods Manifest.lock */,
				697445C82354AF8F00575B54 /* Resources */,
				697445ED2354AF9000575B54 /* Embed App Extensions */,
				83693CD66685821304C0D652 /* Frameworks */,
			);
			buildRules = (
			);
			dependencies = (
				697445DC2354AF9000575B54 /* PBXTargetDependency */,
			);
			name = "iWatchPN WatchKit App";
			productName = "iWatchPN WatchKit App";
			productReference = 697445CA2354AF8F00575B54 /* iWatchPN WatchKit App.app */;
			productType = "com.apple.product-type.application.watchapp2";
		};
		697445D82354AF9000575B54 /* iWatchPN WatchKit Extension */ = {
			isa = PBXNativeTarget;
			buildConfigurationList = 697445EA2354AF9000575B54 /* Build configuration list for PBXNativeTarget "iWatchPN WatchKit Extension" */;
			buildPhases = (
				920AFB2B741F948274C544BB /* [CP] Check Pods Manifest.lock */,
				697445D52354AF9000575B54 /* Sources */,
				697445D62354AF9000575B54 /* Frameworks */,
				697445D72354AF9000575B54 /* Resources */,
				290A31A34C099C292A959CA6 /* [CP] Embed Pods Frameworks */,
			);
			buildRules = (
			);
			dependencies = (
			);
			name = "iWatchPN WatchKit Extension";
			productName = "iWatchPN WatchKit Extension";
			productReference = 697445D92354AF9000575B54 /* iWatchPN WatchKit Extension.appex */;
			productType = "com.apple.product-type.watchkit2-extension";
		};
/* End PBXNativeTarget section */

/* Begin PBXProject section */
		697445B02354AF8F00575B54 /* Project object */ = {
			isa = PBXProject;
			attributes = {
				LastSwiftUpdateCheck = 0900;
				LastUpgradeCheck = 0900;
				ORGANIZATIONNAME = Sarmady;
				TargetAttributes = {
					697445B72354AF8F00575B54 = {
						CreatedOnToolsVersion = 9.0;
						ProvisioningStyle = Automatic;
					};
					697445C92354AF8F00575B54 = {
						CreatedOnToolsVersion = 9.0;
						ProvisioningStyle = Automatic;
					};
					697445D82354AF9000575B54 = {
						CreatedOnToolsVersion = 9.0;
						ProvisioningStyle = Automatic;
						SystemCapabilities = {
							com.apple.BackgroundModes.watchos.extension = {
								enabled = 1;
							};
							com.apple.Push = {
								enabled = 1;
							};
						};
					};
				};
			};
			buildConfigurationList = 697445B32354AF8F00575B54 /* Build configuration list for PBXProject "iWatchPN" */;
			compatibilityVersion = "Xcode 8.0";
			developmentRegion = en;
			hasScannedForEncodings = 0;
			knownRegions = (
				en,
				Base,
			);
			mainGroup = 697445AF2354AF8F00575B54;
			productRefGroup = 697445B92354AF8F00575B54 /* Products */;
			projectDirPath = "";
			projectRoot = "";
			targets = (
				697445B72354AF8F00575B54 /* iWatchPN */,
				697445C92354AF8F00575B54 /* iWatchPN WatchKit App */,
				697445D82354AF9000575B54 /* iWatchPN WatchKit Extension */,
			);
		};
/* End PBXProject section */

/* Begin PBXResourcesBuildPhase section */
		697445B62354AF8F00575B54 /* Resources */ = {
			isa = PBXResourcesBuildPhase;
			buildActionMask = 2147483647;
			files = (
				697445C62354AF8F00575B54 /* LaunchScreen.storyboard in Resources */,
				697445C32354AF8F00575B54 /* Assets.xcassets in Resources */,
				697445C12354AF8F00575B54 /* Main.storyboard in Resources */,
			);
			runOnlyForDeploymentPostprocessing = 0;
		};
		697445C82354AF8F00575B54 /* Resources */ = {
			isa = PBXResourcesBuildPhase;
			buildActionMask = 2147483647;
			files = (
				697445D32354AF9000575B54 /* Assets.xcassets in Resources */,
				697445D12354AF9000575B54 /* Interface.storyboard in Resources */,
			);
			runOnlyForDeploymentPostprocessing = 0;
		};
		697445D72354AF9000575B54 /* Resources */ = {
			isa = PBXResourcesBuildPhase;
			buildActionMask = 2147483647;
			files = (
				697445E52354AF9000575B54 /* Assets.xcassets in Resources */,
			);
			runOnlyForDeploymentPostprocessing = 0;
		};
/* End PBXResourcesBuildPhase section */

/* Begin PBXShellScriptBuildPhase section */
		290A31A34C099C292A959CA6 /* [CP] Embed Pods Frameworks */ = {
			isa = PBXShellScriptBuildPhase;
			buildActionMask = 2147483647;
			files = (
			);
			inputPaths = (
				"${PODS_ROOT}/Target Support Files/Pods-iWatchPN WatchKit Extension/Pods-iWatchPN WatchKit Extension-frameworks.sh",
				"${BUILT_PRODUCTS_DIR}/Alamofire/Alamofire.framework",
				"${BUILT_PRODUCTS_DIR}/Moya/Moya.framework",
				"${BUILT_PRODUCTS_DIR}/Result/Result.framework",
			);
			name = "[CP] Embed Pods Frameworks";
			outputPaths = (
				"${TARGET_BUILD_DIR}/${FRAMEWORKS_FOLDER_PATH}/Alamofire.framework",
				"${TARGET_BUILD_DIR}/${FRAMEWORKS_FOLDER_PATH}/Moya.framework",
				"${TARGET_BUILD_DIR}/${FRAMEWORKS_FOLDER_PATH}/Result.framework",
			);
			runOnlyForDeploymentPostprocessing = 0;
			shellPath = /bin/sh;
			shellScript = "\"${PODS_ROOT}/Target Support Files/Pods-iWatchPN WatchKit Extension/Pods-iWatchPN WatchKit Extension-frameworks.sh\"\n";
			showEnvVarsInLog = 0;
		};
		920AFB2B741F948274C544BB /* [CP] Check Pods Manifest.lock */ = {
			isa = PBXShellScriptBuildPhase;
			buildActionMask = 2147483647;
			files = (
			);
			inputFileListPaths = (
			);
			inputPaths = (
				"${PODS_PODFILE_DIR_PATH}/Podfile.lock",
				"${PODS_ROOT}/Manifest.lock",
			);
			name = "[CP] Check Pods Manifest.lock";
			outputFileListPaths = (
			);
			outputPaths = (
				"$(DERIVED_FILE_DIR)/Pods-iWatchPN WatchKit Extension-checkManifestLockResult.txt",
			);
			runOnlyForDeploymentPostprocessing = 0;
			shellPath = /bin/sh;
			shellScript = "diff \"${PODS_PODFILE_DIR_PATH}/Podfile.lock\" \"${PODS_ROOT}/Manifest.lock\" > /dev/null\nif [ $? != 0 ] ; then\n    # print error to STDERR\n    echo \"error: The sandbox is not in sync with the Podfile.lock. Run 'pod install' or update your CocoaPods installation.\" >&2\n    exit 1\nfi\n# This output is used by Xcode 'outputs' to avoid re-running this script phase.\necho \"SUCCESS\" > \"${SCRIPT_OUTPUT_FILE_0}\"\n";
			showEnvVarsInLog = 0;
		};
		99BD173BD99B58C9F59EE824 /* [CP] Check Pods Manifest.lock */ = {
			isa = PBXShellScriptBuildPhase;
			buildActionMask = 2147483647;
			files = (
			);
			inputFileListPaths = (
			);
			inputPaths = (
				"${PODS_PODFILE_DIR_PATH}/Podfile.lock",
				"${PODS_ROOT}/Manifest.lock",
			);
			name = "[CP] Check Pods Manifest.lock";
			outputFileListPaths = (
			);
			outputPaths = (
				"$(DERIVED_FILE_DIR)/Pods-iWatchPN-checkManifestLockResult.txt",
			);
			runOnlyForDeploymentPostprocessing = 0;
			shellPath = /bin/sh;
			shellScript = "diff \"${PODS_PODFILE_DIR_PATH}/Podfile.lock\" \"${PODS_ROOT}/Manifest.lock\" > /dev/null\nif [ $? != 0 ] ; then\n    # print error to STDERR\n    echo \"error: The sandbox is not in sync with the Podfile.lock. Run 'pod install' or update your CocoaPods installation.\" >&2\n    exit 1\nfi\n# This output is used by Xcode 'outputs' to avoid re-running this script phase.\necho \"SUCCESS\" > \"${SCRIPT_OUTPUT_FILE_0}\"\n";
			showEnvVarsInLog = 0;
		};
		A863CBF87100EC925BE2DB26 /* [CP] Check Pods Manifest.lock */ = {
			isa = PBXShellScriptBuildPhase;
			buildActionMask = 2147483647;
			files = (
			);
			inputFileListPaths = (
			);
			inputPaths = (
				"${PODS_PODFILE_DIR_PATH}/Podfile.lock",
				"${PODS_ROOT}/Manifest.lock",
			);
			name = "[CP] Check Pods Manifest.lock";
			outputFileListPaths = (
			);
			outputPaths = (
				"$(DERIVED_FILE_DIR)/Pods-iWatchPN WatchKit App-checkManifestLockResult.txt",
			);
			runOnlyForDeploymentPostprocessing = 0;
			shellPath = /bin/sh;
			shellScript = "diff \"${PODS_PODFILE_DIR_PATH}/Podfile.lock\" \"${PODS_ROOT}/Manifest.lock\" > /dev/null\nif [ $? != 0 ] ; then\n    # print error to STDERR\n    echo \"error: The sandbox is not in sync with the Podfile.lock. Run 'pod install' or update your CocoaPods installation.\" >&2\n    exit 1\nfi\n# This output is used by Xcode 'outputs' to avoid re-running this script phase.\necho \"SUCCESS\" > \"${SCRIPT_OUTPUT_FILE_0}\"\n";
			showEnvVarsInLog = 0;
		};
/* End PBXShellScriptBuildPhase section */

/* Begin PBXSourcesBuildPhase section */
		697445B42354AF8F00575B54 /* Sources */ = {
			isa = PBXSourcesBuildPhase;
			buildActionMask = 2147483647;
			files = (
				697445BE2354AF8F00575B54 /* ViewController.swift in Sources */,
				697445BC2354AF8F00575B54 /* AppDelegate.swift in Sources */,
			);
			runOnlyForDeploymentPostprocessing = 0;
		};
		697445D52354AF9000575B54 /* Sources */ = {
			isa = PBXSourcesBuildPhase;
			buildActionMask = 2147483647;
			files = (
				697445E32354AF9000575B54 /* NotificationController.swift in Sources */,
				697445E12354AF9000575B54 /* ExtensionDelegate.swift in Sources */,
				697445DF2354AF9000575B54 /* InterfaceController.swift in Sources */,
			);
			runOnlyForDeploymentPostprocessing = 0;
		};
/* End PBXSourcesBuildPhase section */

/* Begin PBXTargetDependency section */
		697445CD2354AF8F00575B54 /* PBXTargetDependency */ = {
			isa = PBXTargetDependency;
			target = 697445C92354AF8F00575B54 /* iWatchPN WatchKit App */;
			targetProxy = 697445CC2354AF8F00575B54 /* PBXContainerItemProxy */;
		};
		697445DC2354AF9000575B54 /* PBXTargetDependency */ = {
			isa = PBXTargetDependency;
			target = 697445D82354AF9000575B54 /* iWatchPN WatchKit Extension */;
			targetProxy = 697445DB2354AF9000575B54 /* PBXContainerItemProxy */;
		};
/* End PBXTargetDependency section */

/* Begin PBXVariantGroup section */
		697445BF2354AF8F00575B54 /* Main.storyboard */ = {
			isa = PBXVariantGroup;
			children = (
				697445C02354AF8F00575B54 /* Base */,
			);
			name = Main.storyboard;
			sourceTree = "<group>";
		};
		697445C42354AF8F00575B54 /* LaunchScreen.storyboard */ = {
			isa = PBXVariantGroup;
			children = (
				697445C52354AF8F00575B54 /* Base */,
			);
			name = LaunchScreen.storyboard;
			sourceTree = "<group>";
		};
		697445CF2354AF9000575B54 /* Interface.storyboard */ = {
			isa = PBXVariantGroup;
			children = (
				697445D02354AF9000575B54 /* Base */,
			);
			name = Interface.storyboard;
			sourceTree = "<group>";
		};
/* End PBXVariantGroup section */

/* Begin XCBuildConfiguration section */
		697445E82354AF9000575B54 /* Debug */ = {
			isa = XCBuildConfiguration;
			buildSettings = {
				ALWAYS_SEARCH_USER_PATHS = NO;
				CLANG_ANALYZER_NONNULL = YES;
				CLANG_ANALYZER_NUMBER_OBJECT_CONVERSION = YES_AGGRESSIVE;
				CLANG_CXX_LANGUAGE_STANDARD = "gnu++14";
				CLANG_CXX_LIBRARY = "libc++";
				CLANG_ENABLE_MODULES = YES;
				CLANG_ENABLE_OBJC_ARC = YES;
				CLANG_WARN_BLOCK_CAPTURE_AUTORELEASING = YES;
				CLANG_WARN_BOOL_CONVERSION = YES;
				CLANG_WARN_COMMA = YES;
				CLANG_WARN_CONSTANT_CONVERSION = YES;
				CLANG_WARN_DIRECT_OBJC_ISA_USAGE = YES_ERROR;
				CLANG_WARN_DOCUMENTATION_COMMENTS = YES;
				CLANG_WARN_EMPTY_BODY = YES;
				CLANG_WARN_ENUM_CONVERSION = YES;
				CLANG_WARN_INFINITE_RECURSION = YES;
				CLANG_WARN_INT_CONVERSION = YES;
				CLANG_WARN_NON_LITERAL_NULL_CONVERSION = YES;
				CLANG_WARN_OBJC_LITERAL_CONVERSION = YES;
				CLANG_WARN_OBJC_ROOT_CLASS = YES_ERROR;
				CLANG_WARN_RANGE_LOOP_ANALYSIS = YES;
				CLANG_WARN_STRICT_PROTOTYPES = YES;
				CLANG_WARN_SUSPICIOUS_MOVE = YES;
				CLANG_WARN_UNGUARDED_AVAILABILITY = YES_AGGRESSIVE;
				CLANG_WARN_UNREACHABLE_CODE = YES;
				CLANG_WARN__DUPLICATE_METHOD_MATCH = YES;
				CODE_SIGN_IDENTITY = "iPhone Developer";
				COPY_PHASE_STRIP = NO;
				DEBUG_INFORMATION_FORMAT = dwarf;
				ENABLE_STRICT_OBJC_MSGSEND = YES;
				ENABLE_TESTABILITY = YES;
				GCC_C_LANGUAGE_STANDARD = gnu11;
				GCC_DYNAMIC_NO_PIC = NO;
				GCC_NO_COMMON_BLOCKS = YES;
				GCC_OPTIMIZATION_LEVEL = 0;
				GCC_PREPROCESSOR_DEFINITIONS = (
					"DEBUG=1",
					"$(inherited)",
				);
				GCC_WARN_64_TO_32_BIT_CONVERSION = YES;
				GCC_WARN_ABOUT_RETURN_TYPE = YES_ERROR;
				GCC_WARN_UNDECLARED_SELECTOR = YES;
				GCC_WARN_UNINITIALIZED_AUTOS = YES_AGGRESSIVE;
				GCC_WARN_UNUSED_FUNCTION = YES;
				GCC_WARN_UNUSED_VARIABLE = YES;
				IPHONEOS_DEPLOYMENT_TARGET = 11.0;
				MTL_ENABLE_DEBUG_INFO = YES;
				ONLY_ACTIVE_ARCH = YES;
				SDKROOT = iphoneos;
				SWIFT_ACTIVE_COMPILATION_CONDITIONS = DEBUG;
				SWIFT_OPTIMIZATION_LEVEL = "-Onone";
			};
			name = Debug;
		};
		697445E92354AF9000575B54 /* Release */ = {
			isa = XCBuildConfiguration;
			buildSettings = {
				ALWAYS_SEARCH_USER_PATHS = NO;
				CLANG_ANALYZER_NONNULL = YES;
				CLANG_ANALYZER_NUMBER_OBJECT_CONVERSION = YES_AGGRESSIVE;
				CLANG_CXX_LANGUAGE_STANDARD = "gnu++14";
				CLANG_CXX_LIBRARY = "libc++";
				CLANG_ENABLE_MODULES = YES;
				CLANG_ENABLE_OBJC_ARC = YES;
				CLANG_WARN_BLOCK_CAPTURE_AUTORELEASING = YES;
				CLANG_WARN_BOOL_CONVERSION = YES;
				CLANG_WARN_COMMA = YES;
				CLANG_WARN_CONSTANT_CONVERSION = YES;
				CLANG_WARN_DIRECT_OBJC_ISA_USAGE = YES_ERROR;
				CLANG_WARN_DOCUMENTATION_COMMENTS = YES;
				CLANG_WARN_EMPTY_BODY = YES;
				CLANG_WARN_ENUM_CONVERSION = YES;
				CLANG_WARN_INFINITE_RECURSION = YES;
				CLANG_WARN_INT_CONVERSION = YES;
				CLANG_WARN_NON_LITERAL_NULL_CONVERSION = YES;
				CLANG_WARN_OBJC_LITERAL_CONVERSION = YES;
				CLANG_WARN_OBJC_ROOT_CLASS = YES_ERROR;
				CLANG_WARN_RANGE_LOOP_ANALYSIS = YES;
				CLANG_WARN_STRICT_PROTOTYPES = YES;
				CLANG_WARN_SUSPICIOUS_MOVE = YES;
				CLANG_WARN_UNGUARDED_AVAILABILITY = YES_AGGRESSIVE;
				CLANG_WARN_UNREACHABLE_CODE = YES;
				CLANG_WARN__DUPLICATE_METHOD_MATCH = YES;
				CODE_SIGN_IDENTITY = "iPhone Developer";
				COPY_PHASE_STRIP = NO;
				DEBUG_INFORMATION_FORMAT = "dwarf-with-dsym";
				ENABLE_NS_ASSERTIONS = NO;
				ENABLE_STRICT_OBJC_MSGSEND = YES;
				GCC_C_LANGUAGE_STANDARD = gnu11;
				GCC_NO_COMMON_BLOCKS = YES;
				GCC_WARN_64_TO_32_BIT_CONVERSION = YES;
				GCC_WARN_ABOUT_RETURN_TYPE = YES_ERROR;
				GCC_WARN_UNDECLARED_SELECTOR = YES;
				GCC_WARN_UNINITIALIZED_AUTOS = YES_AGGRESSIVE;
				GCC_WARN_UNUSED_FUNCTION = YES;
				GCC_WARN_UNUSED_VARIABLE = YES;
				IPHONEOS_DEPLOYMENT_TARGET = 11.0;
				MTL_ENABLE_DEBUG_INFO = NO;
				SDKROOT = iphoneos;
				SWIFT_OPTIMIZATION_LEVEL = "-Owholemodule";
				VALIDATE_PRODUCT = YES;
			};
			name = Release;
		};
		697445EB2354AF9000575B54 /* Debug */ = {
			isa = XCBuildConfiguration;
			baseConfigurationReference = ED6C88589E878D2B7CA81F21 /* Pods-iWatchPN WatchKit Extension.debug.xcconfig */;
			buildSettings = {
				ASSETCATALOG_COMPILER_COMPLICATION_NAME = Complication;
				CODE_SIGN_ENTITLEMENTS = "iWatchPN WatchKit Extension/iWatchPN WatchKit Extension.entitlements";
				CODE_SIGN_STYLE = Automatic;
				DEVELOPMENT_TEAM = 7H9L7MTT7T;
				INFOPLIST_FILE = "iWatchPN WatchKit Extension/Info.plist";
				LD_RUNPATH_SEARCH_PATHS = "$(inherited) @executable_path/Frameworks @executable_path/../../Frameworks";
				PRODUCT_BUNDLE_IDENTIFIER = com.sarmady.iWatchPN.watchkitapp.watchkitextension;
				PRODUCT_NAME = "${TARGET_NAME}";
				SDKROOT = watchos;
				SKIP_INSTALL = YES;
				SWIFT_VERSION = 4.0;
				TARGETED_DEVICE_FAMILY = 4;
				WATCHOS_DEPLOYMENT_TARGET = 4.0;
			};
			name = Debug;
		};
		697445EC2354AF9000575B54 /* Release */ = {
			isa = XCBuildConfiguration;
			baseConfigurationReference = ECD46D64053A64A0F3D8C270 /* Pods-iWatchPN WatchKit Extension.release.xcconfig */;
			buildSettings = {
				ASSETCATALOG_COMPILER_COMPLICATION_NAME = Complication;
				CODE_SIGN_ENTITLEMENTS = "iWatchPN WatchKit Extension/iWatchPN WatchKit Extension.entitlements";
				CODE_SIGN_STYLE = Automatic;
				DEVELOPMENT_TEAM = 7H9L7MTT7T;
				INFOPLIST_FILE = "iWatchPN WatchKit Extension/Info.plist";
				LD_RUNPATH_SEARCH_PATHS = "$(inherited) @executable_path/Frameworks @executable_path/../../Frameworks";
				PRODUCT_BUNDLE_IDENTIFIER = com.sarmady.iWatchPN.watchkitapp.watchkitextension;
				PRODUCT_NAME = "${TARGET_NAME}";
				SDKROOT = watchos;
				SKIP_INSTALL = YES;
				SWIFT_VERSION = 4.0;
				TARGETED_DEVICE_FAMILY = 4;
				WATCHOS_DEPLOYMENT_TARGET = 4.0;
			};
			name = Release;
		};
		697445EF2354AF9000575B54 /* Debug */ = {
			isa = XCBuildConfiguration;
			baseConfigurationReference = 7358F12CD3E35379E4498F8D /* Pods-iWatchPN WatchKit App.debug.xcconfig */;
			buildSettings = {
				ALWAYS_EMBED_SWIFT_STANDARD_LIBRARIES = YES;
				ASSETCATALOG_COMPILER_APPICON_NAME = AppIcon;
				CODE_SIGN_STYLE = Automatic;
				DEVELOPMENT_TEAM = 7H9L7MTT7T;
				IBSC_MODULE = iWatchPN_WatchKit_Extension;
				INFOPLIST_FILE = "iWatchPN WatchKit App/Info.plist";
				PRODUCT_BUNDLE_IDENTIFIER = com.sarmady.iWatchPN.watchkitapp;
				PRODUCT_NAME = "$(TARGET_NAME)";
				SDKROOT = watchos;
				SKIP_INSTALL = YES;
				SWIFT_VERSION = 4.0;
				TARGETED_DEVICE_FAMILY = 4;
				WATCHOS_DEPLOYMENT_TARGET = 4.0;
			};
			name = Debug;
		};
		697445F02354AF9000575B54 /* Release */ = {
			isa = XCBuildConfiguration;
			baseConfigurationReference = 6DFBCC763D0C261D2C7796FC /* Pods-iWatchPN WatchKit App.release.xcconfig */;
			buildSettings = {
				ALWAYS_EMBED_SWIFT_STANDARD_LIBRARIES = YES;
				ASSETCATALOG_COMPILER_APPICON_NAME = AppIcon;
				CODE_SIGN_STYLE = Automatic;
				DEVELOPMENT_TEAM = 7H9L7MTT7T;
				IBSC_MODULE = iWatchPN_WatchKit_Extension;
				INFOPLIST_FILE = "iWatchPN WatchKit App/Info.plist";
				PRODUCT_BUNDLE_IDENTIFIER = com.sarmady.iWatchPN.watchkitapp;
				PRODUCT_NAME = "$(TARGET_NAME)";
				SDKROOT = watchos;
				SKIP_INSTALL = YES;
				SWIFT_VERSION = 4.0;
				TARGETED_DEVICE_FAMILY = 4;
				WATCHOS_DEPLOYMENT_TARGET = 4.0;
			};
			name = Release;
		};
		697445F32354AF9000575B54 /* Debug */ = {
			isa = XCBuildConfiguration;
			baseConfigurationReference = 2BC82359E113103E20B243B3 /* Pods-iWatchPN.debug.xcconfig */;
			buildSettings = {
				ASSETCATALOG_COMPILER_APPICON_NAME = AppIcon;
				CODE_SIGN_STYLE = Automatic;
				DEVELOPMENT_TEAM = 7H9L7MTT7T;
				INFOPLIST_FILE = iWatchPN/Info.plist;
				LD_RUNPATH_SEARCH_PATHS = "$(inherited) @executable_path/Frameworks";
				PRODUCT_BUNDLE_IDENTIFIER = com.sarmady.iWatchPN;
				PRODUCT_NAME = "$(TARGET_NAME)";
				SWIFT_VERSION = 4.0;
				TARGETED_DEVICE_FAMILY = "1,2";
			};
			name = Debug;
		};
		697445F42354AF9000575B54 /* Release */ = {
			isa = XCBuildConfiguration;
			baseConfigurationReference = 7A6C904043CBE487C8D4549C /* Pods-iWatchPN.release.xcconfig */;
			buildSettings = {
				ASSETCATALOG_COMPILER_APPICON_NAME = AppIcon;
				CODE_SIGN_STYLE = Automatic;
				DEVELOPMENT_TEAM = 7H9L7MTT7T;
				INFOPLIST_FILE = iWatchPN/Info.plist;
				LD_RUNPATH_SEARCH_PATHS = "$(inherited) @executable_path/Frameworks";
				PRODUCT_BUNDLE_IDENTIFIER = com.sarmady.iWatchPN;
				PRODUCT_NAME = "$(TARGET_NAME)";
				SWIFT_VERSION = 4.0;
				TARGETED_DEVICE_FAMILY = "1,2";
			};
			name = Release;
		};
/* End XCBuildConfiguration section */

/* Begin XCConfigurationList section */
		697445B32354AF8F00575B54 /* Build configuration list for PBXProject "iWatchPN" */ = {
			isa = XCConfigurationList;
			buildConfigurations = (
				697445E82354AF9000575B54 /* Debug */,
				697445E92354AF9000575B54 /* Release */,
			);
			defaultConfigurationIsVisible = 0;
			defaultConfigurationName = Release;
		};
		697445EA2354AF9000575B54 /* Build configuration list for PBXNativeTarget "iWatchPN WatchKit Extension" */ = {
			isa = XCConfigurationList;
			buildConfigurations = (
				697445EB2354AF9000575B54 /* Debug */,
				697445EC2354AF9000575B54 /* Release */,
			);
			defaultConfigurationIsVisible = 0;
			defaultConfigurationName = Release;
		};
		697445EE2354AF9000575B54 /* Build configuration list for PBXNativeTarget "iWatchPN WatchKit App" */ = {
			isa = XCConfigurationList;
			buildConfigurations = (
				697445EF2354AF9000575B54 /* Debug */,
				697445F02354AF9000575B54 /* Release */,
			);
			defaultConfigurationIsVisible = 0;
			defaultConfigurationName = Release;
		};
		697445F22354AF9000575B54 /* Build configuration list for PBXNativeTarget "iWatchPN" */ = {
			isa = XCConfigurationList;
			buildConfigurations = (
				697445F32354AF9000575B54 /* Debug */,
				697445F42354AF9000575B54 /* Release */,
			);
			defaultConfigurationIsVisible = 0;
			defaultConfigurationName = Release;
		};
/* End XCConfigurationList section */
	};
	rootObject = 697445B02354AF8F00575B54 /* Project object */;
}
